// !$*UTF8*$!
{
	archiveVersion = 1;
	classes = {
	};
	objectVersion = 46;
	objects = {

/* Begin PBXBuildFile section */
		A62B7BDE1B04F78900811A56 /* AppDelegate.swift in Sources */ = {isa = PBXBuildFile; fileRef = A62B7BDD1B04F78900811A56 /* AppDelegate.swift */; };
		A62B7BE01B04F78900811A56 /* SearchViewController.swift in Sources */ = {isa = PBXBuildFile; fileRef = A62B7BDF1B04F78900811A56 /* SearchViewController.swift */; };
		A62B7BE31B04F78900811A56 /* Main.storyboard in Resources */ = {isa = PBXBuildFile; fileRef = A62B7BE11B04F78900811A56 /* Main.storyboard */; };
		A62B7BE51B04F78900811A56 /* Images.xcassets in Resources */ = {isa = PBXBuildFile; fileRef = A62B7BE41B04F78900811A56 /* Images.xcassets */; };
		A62B7BE81B04F78900811A56 /* LaunchScreen.xib in Resources */ = {isa = PBXBuildFile; fileRef = A62B7BE61B04F78900811A56 /* LaunchScreen.xib */; };
		A62B7BF41B04F78900811A56 /* StoreSearchTests.swift in Sources */ = {isa = PBXBuildFile; fileRef = A62B7BF31B04F78900811A56 /* StoreSearchTests.swift */; };
		A6658A7A1B057A540092D271 /* SearchResult.swift in Sources */ = {isa = PBXBuildFile; fileRef = A6658A791B057A540092D271 /* SearchResult.swift */; };
		A6A7A2B21B058943004A2A7F /* SearchResultCell.xib in Resources */ = {isa = PBXBuildFile; fileRef = A6A7A2B11B058943004A2A7F /* SearchResultCell.xib */; };
		A6A7A2B41B0595D7004A2A7F /* SearchResultCell.swift in Sources */ = {isa = PBXBuildFile; fileRef = A6A7A2B31B0595D7004A2A7F /* SearchResultCell.swift */; };
		A6A7A2B61B05C8AF004A2A7F /* NothingFoundCell.xib in Resources */ = {isa = PBXBuildFile; fileRef = A6A7A2B51B05C8AF004A2A7F /* NothingFoundCell.xib */; };
/* End PBXBuildFile section */

/* Begin PBXContainerItemProxy section */
		A62B7BEE1B04F78900811A56 /* PBXContainerItemProxy */ = {
			isa = PBXContainerItemProxy;
			containerPortal = A62B7BD01B04F78900811A56 /* Project object */;
			proxyType = 1;
			remoteGlobalIDString = A62B7BD71B04F78900811A56;
			remoteInfo = StoreSearch;
		};
/* End PBXContainerItemProxy section */

/* Begin PBXFileReference section */
		A62B7BD81B04F78900811A56 /* StoreSearch.app */ = {isa = PBXFileReference; explicitFileType = wrapper.application; includeInIndex = 0; path = StoreSearch.app; sourceTree = BUILT_PRODUCTS_DIR; };
		A62B7BDC1B04F78900811A56 /* Info.plist */ = {isa = PBXFileReference; lastKnownFileType = text.plist.xml; path = Info.plist; sourceTree = "<group>"; };
		A62B7BDD1B04F78900811A56 /* AppDelegate.swift */ = {isa = PBXFileReference; lastKnownFileType = sourcecode.swift; path = AppDelegate.swift; sourceTree = "<group>"; };
		A62B7BDF1B04F78900811A56 /* SearchViewController.swift */ = {isa = PBXFileReference; lastKnownFileType = sourcecode.swift; path = SearchViewController.swift; sourceTree = "<group>"; };
		A62B7BE21B04F78900811A56 /* Base */ = {isa = PBXFileReference; lastKnownFileType = file.storyboard; name = Base; path = Base.lproj/Main.storyboard; sourceTree = "<group>"; };
		A62B7BE41B04F78900811A56 /* Images.xcassets */ = {isa = PBXFileReference; lastKnownFileType = folder.assetcatalog; path = Images.xcassets; sourceTree = "<group>"; };
		A62B7BE71B04F78900811A56 /* Base */ = {isa = PBXFileReference; lastKnownFileType = file.xib; name = Base; path = Base.lproj/LaunchScreen.xib; sourceTree = "<group>"; };
		A62B7BED1B04F78900811A56 /* StoreSearchTests.xctest */ = {isa = PBXFileReference; explicitFileType = wrapper.cfbundle; includeInIndex = 0; path = StoreSearchTests.xctest; sourceTree = BUILT_PRODUCTS_DIR; };
		A62B7BF21B04F78900811A56 /* Info.plist */ = {isa = PBXFileReference; lastKnownFileType = text.plist.xml; path = Info.plist; sourceTree = "<group>"; };
		A62B7BF31B04F78900811A56 /* StoreSearchTests.swift */ = {isa = PBXFileReference; lastKnownFileType = sourcecode.swift; path = StoreSearchTests.swift; sourceTree = "<group>"; };
		A6658A791B057A540092D271 /* SearchResult.swift */ = {isa = PBXFileReference; fileEncoding = 4; lastKnownFileType = sourcecode.swift; name = SearchResult.swift; path = ../SearchResult.swift; sourceTree = "<group>"; };
		A6A7A2B11B058943004A2A7F /* SearchResultCell.xib */ = {isa = PBXFileReference; fileEncoding = 4; lastKnownFileType = file.xib; name = SearchResultCell.xib; path = ../SearchResultCell.xib; sourceTree = "<group>"; };
		A6A7A2B31B0595D7004A2A7F /* SearchResultCell.swift */ = {isa = PBXFileReference; fileEncoding = 4; lastKnownFileType = sourcecode.swift; name = SearchResultCell.swift; path = ../SearchResultCell.swift; sourceTree = "<group>"; };
		A6A7A2B51B05C8AF004A2A7F /* NothingFoundCell.xib */ = {isa = PBXFileReference; fileEncoding = 4; lastKnownFileType = file.xib; name = NothingFoundCell.xib; path = ../NothingFoundCell.xib; sourceTree = "<group>"; };
/* End PBXFileReference section */

/* Begin PBXFrameworksBuildPhase section */
		A62B7BD51B04F78900811A56 /* Frameworks */ = {
			isa = PBXFrameworksBuildPhase;
			buildActionMask = 2147483647;
			files = (
			);
			runOnlyForDeploymentPostprocessing = 0;
		};
		A62B7BEA1B04F78900811A56 /* Frameworks */ = {
			isa = PBXFrameworksBuildPhase;
			buildActionMask = 2147483647;
			files = (
			);
			runOnlyForDeploymentPostprocessing = 0;
		};
/* End PBXFrameworksBuildPhase section */

/* Begin PBXGroup section */
		A62B7BCF1B04F78900811A56 = {
			isa = PBXGroup;
			children = (
				A62B7BDA1B04F78900811A56 /* StoreSearch */,
				A62B7BF01B04F78900811A56 /* StoreSearchTests */,
				A62B7BD91B04F78900811A56 /* Products */,
			);
			sourceTree = "<group>";
		};
		A62B7BD91B04F78900811A56 /* Products */ = {
			isa = PBXGroup;
			children = (
				A62B7BD81B04F78900811A56 /* StoreSearch.app */,
				A62B7BED1B04F78900811A56 /* StoreSearchTests.xctest */,
			);
			name = Products;
			sourceTree = "<group>";
		};
		A62B7BDA1B04F78900811A56 /* StoreSearch */ = {
			isa = PBXGroup;
			children = (
				A62B7BDD1B04F78900811A56 /* AppDelegate.swift */,
				A6A7A2B51B05C8AF004A2A7F /* NothingFoundCell.xib */,
				A62B7BDF1B04F78900811A56 /* SearchViewController.swift */,
				A6658A791B057A540092D271 /* SearchResult.swift */,
				A6A7A2B31B0595D7004A2A7F /* SearchResultCell.swift */,
				A6A7A2B11B058943004A2A7F /* SearchResultCell.xib */,
				A62B7BE11B04F78900811A56 /* Main.storyboard */,
				A62B7BE41B04F78900811A56 /* Images.xcassets */,
				A62B7BE61B04F78900811A56 /* LaunchScreen.xib */,
				A62B7BDB1B04F78900811A56 /* Supporting Files */,
			);
			path = StoreSearch;
			sourceTree = "<group>";
		};
		A62B7BDB1B04F78900811A56 /* Supporting Files */ = {
			isa = PBXGroup;
			children = (
				A62B7BDC1B04F78900811A56 /* Info.plist */,
			);
			name = "Supporting Files";
			sourceTree = "<group>";
		};
		A62B7BF01B04F78900811A56 /* StoreSearchTests */ = {
			isa = PBXGroup;
			children = (
				A62B7BF31B04F78900811A56 /* StoreSearchTests.swift */,
				A62B7BF11B04F78900811A56 /* Supporting Files */,
			);
			path = StoreSearchTests;
			sourceTree = "<group>";
		};
		A62B7BF11B04F78900811A56 /* Supporting Files */ = {
			isa = PBXGroup;
			children = (
				A62B7BF21B04F78900811A56 /* Info.plist */,
			);
			name = "Supporting Files";
			sourceTree = "<group>";
		};
/* End PBXGroup section */

/* Begin PBXNativeTarget section */
		A62B7BD71B04F78900811A56 /* StoreSearch */ = {
			isa = PBXNativeTarget;
			buildConfigurationList = A62B7BF71B04F78900811A56 /* Build configuration list for PBXNativeTarget "StoreSearch" */;
			buildPhases = (
				A62B7BD41B04F78900811A56 /* Sources */,
				A62B7BD51B04F78900811A56 /* Frameworks */,
				A62B7BD61B04F78900811A56 /* Resources */,
			);
			buildRules = (
			);
			dependencies = (
			);
			name = StoreSearch;
			productName = StoreSearch;
			productReference = A62B7BD81B04F78900811A56 /* StoreSearch.app */;
			productType = "com.apple.product-type.application";
		};
		A62B7BEC1B04F78900811A56 /* StoreSearchTests */ = {
			isa = PBXNativeTarget;
			buildConfigurationList = A62B7BFA1B04F78900811A56 /* Build configuration list for PBXNativeTarget "StoreSearchTests" */;
			buildPhases = (
				A62B7BE91B04F78900811A56 /* Sources */,
				A62B7BEA1B04F78900811A56 /* Frameworks */,
				A62B7BEB1B04F78900811A56 /* Resources */,
			);
			buildRules = (
			);
			dependencies = (
				A62B7BEF1B04F78900811A56 /* PBXTargetDependency */,
			);
			name = StoreSearchTests;
			productName = StoreSearchTests;
			productReference = A62B7BED1B04F78900811A56 /* StoreSearchTests.xctest */;
			productType = "com.apple.product-type.bundle.unit-test";
		};
/* End PBXNativeTarget section */

/* Begin PBXProject section */
		A62B7BD01B04F78900811A56 /* Project object */ = {
			isa = PBXProject;
			attributes = {
				LastUpgradeCheck = 0630;
				ORGANIZATIONNAME = storesearch;
				TargetAttributes = {
					A62B7BD71B04F78900811A56 = {
						CreatedOnToolsVersion = 6.3.1;
					};
					A62B7BEC1B04F78900811A56 = {
						CreatedOnToolsVersion = 6.3.1;
						TestTargetID = A62B7BD71B04F78900811A56;
					};
				};
			};
			buildConfigurationList = A62B7BD31B04F78900811A56 /* Build configuration list for PBXProject "StoreSearch" */;
			compatibilityVersion = "Xcode 3.2";
			developmentRegion = English;
			hasScannedForEncodings = 0;
			knownRegions = (
				en,
				Base,
			);
			mainGroup = A62B7BCF1B04F78900811A56;
			productRefGroup = A62B7BD91B04F78900811A56 /* Products */;
			projectDirPath = "";
			projectRoot = "";
			targets = (
				A62B7BD71B04F78900811A56 /* StoreSearch */,
				A62B7BEC1B04F78900811A56 /* StoreSearchTests */,
			);
		};
/* End PBXProject section */

/* Begin PBXResourcesBuildPhase section */
		A62B7BD61B04F78900811A56 /* Resources */ = {
			isa = PBXResourcesBuildPhase;
			buildActionMask = 2147483647;
			files = (
				A62B7BE31B04F78900811A56 /* Main.storyboard in Resources */,
				A62B7BE81B04F78900811A56 /* LaunchScreen.xib in Resources */,
				A6A7A2B21B058943004A2A7F /* SearchResultCell.xib in Resources */,
				A6A7A2B61B05C8AF004A2A7F /* NothingFoundCell.xib in Resources */,
				A62B7BE51B04F78900811A56 /* Images.xcassets in Resources */,
			);
			runOnlyForDeploymentPostprocessing = 0;
		};
		A62B7BEB1B04F78900811A56 /* Resources */ = {
			isa = PBXResourcesBuildPhase;
			buildActionMask = 2147483647;
			files = (
			);
			runOnlyForDeploymentPostprocessing = 0;
		};
/* End PBXResourcesBuildPhase section */

/* Begin PBXSourcesBuildPhase section */
		A62B7BD41B04F78900811A56 /* Sources */ = {
			isa = PBXSourcesBuildPhase;
			buildActionMask = 2147483647;
			files = (
				A62B7BE01B04F78900811A56 /* SearchViewController.swift in Sources */,
				A6658A7A1B057A540092D271 /* SearchResult.swift in Sources */,
				A6A7A2B41B0595D7004A2A7F /* SearchResultCell.swift in Sources */,
				A62B7BDE1B04F78900811A56 /* AppDelegate.swift in Sources */,
			);
			runOnlyForDeploymentPostprocessing = 0;
		};
		A62B7BE91B04F78900811A56 /* Sources */ = {
			isa = PBXSourcesBuildPhase;
			buildActionMask = 2147483647;
			files = (
				A62B7BF41B04F78900811A56 /* StoreSearchTests.swift in Sources */,
			);
			runOnlyForDeploymentPostprocessing = 0;
		};
/* End PBXSourcesBuildPhase section */

/* Begin PBXTargetDependency section */
		A62B7BEF1B04F78900811A56 /* PBXTargetDependency */ = {
			isa = PBXTargetDependency;
			target = A62B7BD71B04F78900811A56 /* StoreSearch */;
			targetProxy = A62B7BEE1B04F78900811A56 /* PBXContainerItemProxy */;
		};
/* End PBXTargetDependency section */

/* Begin PBXVariantGroup section */
		A62B7BE11B04F78900811A56 /* Main.storyboard */ = {
			isa = PBXVariantGroup;
			children = (
				A62B7BE21B04F78900811A56 /* Base */,
			);
			name = Main.storyboard;
			sourceTree = "<group>";
		};
		A62B7BE61B04F78900811A56 /* LaunchScreen.xib */ = {
			isa = PBXVariantGroup;
			children = (
				A62B7BE71B04F78900811A56 /* Base */,
			);
			name = LaunchScreen.xib;
			sourceTree = "<group>";
		};
/* End PBXVariantGroup section */

/* Begin XCBuildConfiguration section */
		A62B7BF51B04F78900811A56 /* Debug */ = {
			isa = XCBuildConfiguration;
			buildSettings = {
				ALWAYS_SEARCH_USER_PATHS = NO;
				CLANG_CXX_LANGUAGE_STANDARD = "gnu++0x";
				CLANG_CXX_LIBRARY = "libc++";
				CLANG_ENABLE_MODULES = YES;
				CLANG_ENABLE_OBJC_ARC = YES;
				CLANG_WARN_BOOL_CONVERSION = YES;
				CLANG_WARN_CONSTANT_CONVERSION = YES;
				CLANG_WARN_DIRECT_OBJC_ISA_USAGE = YES_ERROR;
				CLANG_WARN_EMPTY_BODY = YES;
				CLANG_WARN_ENUM_CONVERSION = YES;
				CLANG_WARN_INT_CONVERSION = YES;
				CLANG_WARN_OBJC_ROOT_CLASS = YES_ERROR;
				CLANG_WARN_UNREACHABLE_CODE = YES;
				CLANG_WARN__DUPLICATE_METHOD_MATCH = YES;
				"CODE_SIGN_IDENTITY[sdk=iphoneos*]" = "iPhone Developer";
				COPY_PHASE_STRIP = NO;
				DEBUG_INFORMATION_FORMAT = "dwarf-with-dsym";
				ENABLE_STRICT_OBJC_MSGSEND = YES;
				GCC_C_LANGUAGE_STANDARD = gnu99;
				GCC_DYNAMIC_NO_PIC = NO;
				GCC_NO_COMMON_BLOCKS = YES;
				GCC_OPTIMIZATION_LEVEL = 0;
				GCC_PREPROCESSOR_DEFINITIONS = (
					"DEBUG=1",
					"$(inherited)",
				);
				GCC_SYMBOLS_PRIVATE_EXTERN = NO;
				GCC_WARN_64_TO_32_BIT_CONVERSION = YES;
				GCC_WARN_ABOUT_RETURN_TYPE = YES_ERROR;
				GCC_WARN_UNDECLARED_SELECTOR = YES;
				GCC_WARN_UNINITIALIZED_AUTOS = YES_AGGRESSIVE;
				GCC_WARN_UNUSED_FUNCTION = YES;
				GCC_WARN_UNUSED_VARIABLE = YES;
				IPHONEOS_DEPLOYMENT_TARGET = 8.3;
				MTL_ENABLE_DEBUG_INFO = YES;
				ONLY_ACTIVE_ARCH = YES;
				SDKROOT = iphoneos;
				SWIFT_OPTIMIZATION_LEVEL = "-Onone";
			};
			name = Debug;
		};
		A62B7BF61B04F78900811A56 /* Release */ = {
			isa = XCBuildConfiguration;
			buildSettings = {
				ALWAYS_SEARCH_USER_PATHS = NO;
				CLANG_CXX_LANGUAGE_STANDARD = "gnu++0x";
				CLANG_CXX_LIBRARY = "libc++";
				CLANG_ENABLE_MODULES = YES;
				CLANG_ENABLE_OBJC_ARC = YES;
				CLANG_WARN_BOOL_CONVERSION = YES;
				CLANG_WARN_CONSTANT_CONVERSION = YES;
				CLANG_WARN_DIRECT_OBJC_ISA_USAGE = YES_ERROR;
				CLANG_WARN_EMPTY_BODY = YES;
				CLANG_WARN_ENUM_CONVERSION = YES;
				CLANG_WARN_INT_CONVERSION = YES;
				CLANG_WARN_OBJC_ROOT_CLASS = YES_ERROR;
				CLANG_WARN_UNREACHABLE_CODE = YES;
				CLANG_WARN__DUPLICATE_METHOD_MATCH = YES;
				"CODE_SIGN_IDENTITY[sdk=iphoneos*]" = "iPhone Developer";
				COPY_PHASE_STRIP = NO;
				DEBUG_INFORMATION_FORMAT = "dwarf-with-dsym";
				ENABLE_NS_ASSERTIONS = NO;
				ENABLE_STRICT_OBJC_MSGSEND = YES;
				GCC_C_LANGUAGE_STANDARD = gnu99;
				GCC_NO_COMMON_BLOCKS = YES;
				GCC_WARN_64_TO_32_BIT_CONVERSION = YES;
				GCC_WARN_ABOUT_RETURN_TYPE = YES_ERROR;
				GCC_WARN_UNDECLARED_SELECTOR = YES;
				GCC_WARN_UNINITIALIZED_AUTOS = YES_AGGRESSIVE;
				GCC_WARN_UNUSED_FUNCTION = YES;
				GCC_WARN_UNUSED_VARIABLE = YES;
				IPHONEOS_DEPLOYMENT_TARGET = 8.3;
				MTL_ENABLE_DEBUG_INFO = NO;
				SDKROOT = iphoneos;
				VALIDATE_PRODUCT = YES;
			};
			name = Release;
		};
		A62B7BF81B04F78900811A56 /* Debug */ = {
			isa = XCBuildConfiguration;
			buildSettings = {
				ASSETCATALOG_COMPILER_APPICON_NAME = AppIcon;
				INFOPLIST_FILE = StoreSearch/Info.plist;
				LD_RUNPATH_SEARCH_PATHS = "$(inherited) @executable_path/Frameworks";
				PRODUCT_NAME = "$(TARGET_NAME)";
			};
			name = Debug;
		};
		A62B7BF91B04F78900811A56 /* Release */ = {
			isa = XCBuildConfiguration;
			buildSettings = {
				ASSETCATALOG_COMPILER_APPICON_NAME = AppIcon;
				INFOPLIST_FILE = StoreSearch/Info.plist;
				LD_RUNPATH_SEARCH_PATHS = "$(inherited) @executable_path/Frameworks";
				PRODUCT_NAME = "$(TARGET_NAME)";
			};
			name = Release;
		};
		A62B7BFB1B04F78900811A56 /* Debug */ = {
			isa = XCBuildConfiguration;
			buildSettings = {
				BUNDLE_LOADER = "$(TEST_HOST)";
				FRAMEWORK_SEARCH_PATHS = (
					"$(SDKROOT)/Developer/Library/Frameworks",
					"$(inherited)",
				);
				GCC_PREPROCESSOR_DEFINITIONS = (
					"DEBUG=1",
					"$(inherited)",
				);
				INFOPLIST_FILE = StoreSearchTests/Info.plist;
				LD_RUNPATH_SEARCH_PATHS = "$(inherited) @executable_path/Frameworks @loader_path/Frameworks";
				PRODUCT_NAME = "$(TARGET_NAME)";
				TEST_HOST = "$(BUILT_PRODUCTS_DIR)/StoreSearch.app/StoreSearch";
			};
			name = Debug;
		};
		A62B7BFC1B04F78900811A56 /* Release */ = {
			isa = XCBuildConfiguration;
			buildSettings = {
				BUNDLE_LOADER = "$(TEST_HOST)";
				FRAMEWORK_SEARCH_PATHS = (
					"$(SDKROOT)/Developer/Library/Frameworks",
					"$(inherited)",
				);
				INFOPLIST_FILE = StoreSearchTests/Info.plist;
				LD_RUNPATH_SEARCH_PATHS = "$(inherited) @executable_path/Frameworks @loader_path/Frameworks";
				PRODUCT_NAME = "$(TARGET_NAME)";
				TEST_HOST = "$(BUILT_PRODUCTS_DIR)/StoreSearch.app/StoreSearch";
			};
			name = Release;
		};
/* End XCBuildConfiguration section */

/* Begin XCConfigurationList section */
		A62B7BD31B04F78900811A56 /* Build configuration list for PBXProject "StoreSearch" */ = {
			isa = XCConfigurationList;
			buildConfigurations = (
				A62B7BF51B04F78900811A56 /* Debug */,
				A62B7BF61B04F78900811A56 /* Release */,
			);
			defaultConfigurationIsVisible = 0;
			defaultConfigurationName = Release;
		};
		A62B7BF71B04F78900811A56 /* Build configuration list for PBXNativeTarget "StoreSearch" */ = {
			isa = XCConfigurationList;
			buildConfigurations = (
				A62B7BF81B04F78900811A56 /* Debug */,
				A62B7BF91B04F78900811A56 /* Release */,
			);
			defaultConfigurationIsVisible = 0;
			defaultConfigurationName = Release;
		};
		A62B7BFA1B04F78900811A56 /* Build configuration list for PBXNativeTarget "StoreSearchTests" */ = {
			isa = XCConfigurationList;
			buildConfigurations = (
				A62B7BFB1B04F78900811A56 /* Debug */,
				A62B7BFC1B04F78900811A56 /* Release */,
			);
			defaultConfigurationIsVisible = 0;
			defaultConfigurationName = Release;
		};
/* End XCConfigurationList section */
	};
	rootObject = A62B7BD01B04F78900811A56 /* Project object */;
}
